
Microsoft Visual Studio Solution File, Format Version 12.00
# Visual Studio Version 16
VisualStudioVersion = 16.0.30611.23
MinimumVisualStudioVersion = 10.0.40219.1
Project("{8BC9CEB8-8B4A-11D0-8D11-00A0C91BC942}") = "윈플 실습 5-6", "윈플 실습 5-6\윈플 실습 5-6.vcxproj", "{4B1FB064-4F84-4ECA-8926-A6A5152BCAFB}"
EndProject
Global
	GlobalSection(SolutionConfigurationPlatforms) = preSolution
		Debug|x64 = Debug|x64
		Debug|x86 = Debug|x86
		Release|x64 = Release|x64
		Release|x86 = Release|x86
	EndGlobalSection
	GlobalSection(ProjectConfigurationPlatforms) = postSolution
		{4B1FB064-4F84-4ECA-8926-A6A5152BCAFB}.Debug|x64.ActiveCfg = Debug|x64
		{4B1FB064-4F84-4ECA-8926-A6A5152BCAFB}.Debug|x64.Build.0 = Debug|x64
		{4B1FB064-4F84-4ECA-8926-A6A5152BCAFB}.Debug|x86.ActiveCfg = Debug|Win32
		{4B1FB064-4F84-4ECA-8926-A6A5152BCAFB}.Debug|x86.Build.0 = Debug|Win32
		{4B1FB064-4F84-4ECA-8926-A6A5152BCAFB}.Release|x64.ActiveCfg = Release|x64
		{4B1FB064-4F84-4ECA-8926-A6A5152BCAFB}.Release|x64.Build.0 = Release|x64
		{4B1FB064-4F84-4ECA-8926-A6A5152BCAFB}.Release|x86.ActiveCfg = Release|Win32
		{4B1FB064-4F84-4ECA-8926-A6A5152BCAFB}.Release|x86.Build.0 = Release|Win32
	EndGlobalSection
	GlobalSection(SolutionProperties) = preSolution
		HideSolutionNode = FALSE
	EndGlobalSection
	GlobalSection(ExtensibilityGlobals) = postSolution
		SolutionGuid = {05C659E5-869C-4DF9-A2B1-922AE7468E44}
	EndGlobalSection
EndGlobal
